
Microsoft Visual Studio Solution File, Format Version 12.00
# Visual Studio Version 16
VisualStudioVersion = 16.0.31515.178
MinimumVisualStudioVersion = 10.0.40219.1
Project("{FAE04EC0-301F-11D3-BF4B-00C04F79EFBC}") = "Br_MES", "Br_MES.csproj", "{CBCEE7B5-8856-4D1B-B737-DAB81B0AA647}"
EndProject
Global
	GlobalSection(SolutionConfigurationPlatforms) = preSolution
		Debug|Any CPU = Debug|Any CPU
		Release|Any CPU = Release|Any CPU
	EndGlobalSection
	GlobalSection(ProjectConfigurationPlatforms) = postSolution
		{CBCEE7B5-8856-4D1B-B737-DAB81B0AA647}.Debug|Any CPU.ActiveCfg = Debug|Any CPU
		{CBCEE7B5-8856-4D1B-B737-DAB81B0AA647}.Debug|Any CPU.Build.0 = Debug|Any CPU
		{CBCEE7B5-8856-4D1B-B737-DAB81B0AA647}.Release|Any CPU.ActiveCfg = Release|Any CPU
		{CBCEE7B5-8856-4D1B-B737-DAB81B0AA647}.Release|Any CPU.Build.0 = Release|Any CPU
	EndGlobalSection
	GlobalSection(SolutionProperties) = preSolution
		HideSolutionNode = FALSE
	EndGlobalSection
	GlobalSection(ExtensibilityGlobals) = postSolution
		SolutionGuid = {C8849C28-A4C5-4D80-8592-71431FA7565E}
	EndGlobalSection
EndGlobal
